
Microsoft Visual Studio Solution File, Format Version 12.00
# Visual Studio 14
VisualStudioVersion = 14.0.25123.0
MinimumVisualStudioVersion = 10.0.40219.1
Project("{FAE04EC0-301F-11D3-BF4B-00C04F79EFBC}") = "01DayOfWeek", "01DayOfWeek\01DayOfWeek.csproj", "{968A12F9-956C-41EB-BF14-3A744F5CDE0F}"
EndProject
Project("{FAE04EC0-301F-11D3-BF4B-00C04F79EFBC}") = "02ReverseArrayOfIntegers", "02ReverseArrayOfIntegers\02ReverseArrayOfIntegers.csproj", "{D1A571F9-6445-4B53-86A5-CAA8EC0726DF}"
EndProject
Project("{FAE04EC0-301F-11D3-BF4B-00C04F79EFBC}") = "03LastKNumbersSums", "03LastKNumbersSums\03LastKNumbersSums.csproj", "{65B78C2C-23CB-4C57-9605-AA0F92A0B948}"
EndProject
Project("{FAE04EC0-301F-11D3-BF4B-00C04F79EFBC}") = "04TrippleSum", "04TrippleSum\04TrippleSum.csproj", "{09877FD9-5EAA-44A7-B25F-8E2E02E62B6D}"
EndProject
Project("{FAE04EC0-301F-11D3-BF4B-00C04F79EFBC}") = "05RoundingNumbers", "05RoundingNumbers\05RoundingNumbers.csproj", "{22BD2B8F-5EDC-439A-BE69-45CD8745D61D}"
EndProject
Project("{FAE04EC0-301F-11D3-BF4B-00C04F79EFBC}") = "06ReverseArrayOfStrings", "06ReverseArrayOfStrings\06ReverseArrayOfStrings.csproj", "{68BCD692-5547-4B80-9D29-7E824873E44F}"
EndProject
Project("{FAE04EC0-301F-11D3-BF4B-00C04F79EFBC}") = "07SumArrays", "07SumArrays\07SumArrays.csproj", "{D9FEF860-5BC0-424C-9B6A-016FA7153E7A}"
EndProject
Project("{FAE04EC0-301F-11D3-BF4B-00C04F79EFBC}") = "08CondenseArrayToNumber", "08CondenseArrayToNumber\08CondenseArrayToNumber.csproj", "{3ED2188F-556E-429C-B5DD-5B04CCCCD4E6}"
EndProject
Project("{FAE04EC0-301F-11D3-BF4B-00C04F79EFBC}") = "09ExtractMiddleElements", "09ExtractMiddleElements\09ExtractMiddleElements.csproj", "{56680776-C28E-4840-8F82-262CDED2A778}"
EndProject
Project("{FAE04EC0-301F-11D3-BF4B-00C04F79EFBC}") = "10RemoveNegativesAndReverse", "10RemoveNegativesAndReverse\10RemoveNegativesAndReverse.csproj", "{0DBE6C15-DA4F-40BE-AC26-9ADC0CD865B0}"
EndProject
Project("{FAE04EC0-301F-11D3-BF4B-00C04F79EFBC}") = "11AppendLists", "11AppendLists\11AppendLists.csproj", "{BEBE936C-30D9-4B7D-B1FC-0875EFD950B8}"
EndProject
Project("{FAE04EC0-301F-11D3-BF4B-00C04F79EFBC}") = "12SumAdjacentEqualNumbers", "12SumAdjacentEqualNumbers\12SumAdjacentEqualNumbers.csproj", "{C005F972-5F1C-4FB9-928A-0684E27DFE50}"
EndProject
Project("{FAE04EC0-301F-11D3-BF4B-00C04F79EFBC}") = "13SplitByWordCasing", "13SplitByWordCasing\13SplitByWordCasing.csproj", "{878E71E6-B296-46A5-97D0-659A07B90C1C}"
EndProject
Project("{FAE04EC0-301F-11D3-BF4B-00C04F79EFBC}") = "14SortNumbers", "14SortNumbers\14SortNumbers.csproj", "{A860390F-A1A2-4009-B706-7D4A5042FFA9}"
EndProject
Project("{FAE04EC0-301F-11D3-BF4B-00C04F79EFBC}") = "15SquareNumbers", "15SquareNumbers\15SquareNumbers.csproj", "{4A9EFB7E-8D8A-4B50-9F9F-CADDFFF5BEC6}"
EndProject
Project("{FAE04EC0-301F-11D3-BF4B-00C04F79EFBC}") = "16CountNumbers", "16CountNumbers\16CountNumbers.csproj", "{73E5E269-22D8-40C9-A8A4-E4CCF17B1455}"
EndProject
Global
	GlobalSection(SolutionConfigurationPlatforms) = preSolution
		Debug|Any CPU = Debug|Any CPU
		Release|Any CPU = Release|Any CPU
	EndGlobalSection
	GlobalSection(ProjectConfigurationPlatforms) = postSolution
		{968A12F9-956C-41EB-BF14-3A744F5CDE0F}.Debug|Any CPU.ActiveCfg = Debug|Any CPU
		{968A12F9-956C-41EB-BF14-3A744F5CDE0F}.Debug|Any CPU.Build.0 = Debug|Any CPU
		{968A12F9-956C-41EB-BF14-3A744F5CDE0F}.Release|Any CPU.ActiveCfg = Release|Any CPU
		{968A12F9-956C-41EB-BF14-3A744F5CDE0F}.Release|Any CPU.Build.0 = Release|Any CPU
		{D1A571F9-6445-4B53-86A5-CAA8EC0726DF}.Debug|Any CPU.ActiveCfg = Debug|Any CPU
		{D1A571F9-6445-4B53-86A5-CAA8EC0726DF}.Debug|Any CPU.Build.0 = Debug|Any CPU
		{D1A571F9-6445-4B53-86A5-CAA8EC0726DF}.Release|Any CPU.ActiveCfg = Release|Any CPU
		{D1A571F9-6445-4B53-86A5-CAA8EC0726DF}.Release|Any CPU.Build.0 = Release|Any CPU
		{65B78C2C-23CB-4C57-9605-AA0F92A0B948}.Debug|Any CPU.ActiveCfg = Debug|Any CPU
		{65B78C2C-23CB-4C57-9605-AA0F92A0B948}.Debug|Any CPU.Build.0 = Debug|Any CPU
		{65B78C2C-23CB-4C57-9605-AA0F92A0B948}.Release|Any CPU.ActiveCfg = Release|Any CPU
		{65B78C2C-23CB-4C57-9605-AA0F92A0B948}.Release|Any CPU.Build.0 = Release|Any CPU
		{09877FD9-5EAA-44A7-B25F-8E2E02E62B6D}.Debug|Any CPU.ActiveCfg = Debug|Any CPU
		{09877FD9-5EAA-44A7-B25F-8E2E02E62B6D}.Debug|Any CPU.Build.0 = Debug|Any CPU
		{09877FD9-5EAA-44A7-B25F-8E2E02E62B6D}.Release|Any CPU.ActiveCfg = Release|Any CPU
		{09877FD9-5EAA-44A7-B25F-8E2E02E62B6D}.Release|Any CPU.Build.0 = Release|Any CPU
		{22BD2B8F-5EDC-439A-BE69-45CD8745D61D}.Debug|Any CPU.ActiveCfg = Debug|Any CPU
		{22BD2B8F-5EDC-439A-BE69-45CD8745D61D}.Debug|Any CPU.Build.0 = Debug|Any CPU
		{22BD2B8F-5EDC-439A-BE69-45CD8745D61D}.Release|Any CPU.ActiveCfg = Release|Any CPU
		{22BD2B8F-5EDC-439A-BE69-45CD8745D61D}.Release|Any CPU.Build.0 = Release|Any CPU
		{68BCD692-5547-4B80-9D29-7E824873E44F}.Debug|Any CPU.ActiveCfg = Debug|Any CPU
		{68BCD692-5547-4B80-9D29-7E824873E44F}.Debug|Any CPU.Build.0 = Debug|Any CPU
		{68BCD692-5547-4B80-9D29-7E824873E44F}.Release|Any CPU.ActiveCfg = Release|Any CPU
		{68BCD692-5547-4B80-9D29-7E824873E44F}.Release|Any CPU.Build.0 = Release|Any CPU
		{D9FEF860-5BC0-424C-9B6A-016FA7153E7A}.Debug|Any CPU.ActiveCfg = Debug|Any CPU
		{D9FEF860-5BC0-424C-9B6A-016FA7153E7A}.Debug|Any CPU.Build.0 = Debug|Any CPU
		{D9FEF860-5BC0-424C-9B6A-016FA7153E7A}.Release|Any CPU.ActiveCfg = Release|Any CPU
		{D9FEF860-5BC0-424C-9B6A-016FA7153E7A}.Release|Any CPU.Build.0 = Release|Any CPU
		{3ED2188F-556E-429C-B5DD-5B04CCCCD4E6}.Debug|Any CPU.ActiveCfg = Debug|Any CPU
		{3ED2188F-556E-429C-B5DD-5B04CCCCD4E6}.Debug|Any CPU.Build.0 = Debug|Any CPU
		{3ED2188F-556E-429C-B5DD-5B04CCCCD4E6}.Release|Any CPU.ActiveCfg = Release|Any CPU
		{3ED2188F-556E-429C-B5DD-5B04CCCCD4E6}.Release|Any CPU.Build.0 = Release|Any CPU
		{56680776-C28E-4840-8F82-262CDED2A778}.Debug|Any CPU.ActiveCfg = Debug|Any CPU
		{56680776-C28E-4840-8F82-262CDED2A778}.Debug|Any CPU.Build.0 = Debug|Any CPU
		{56680776-C28E-4840-8F82-262CDED2A778}.Release|Any CPU.ActiveCfg = Release|Any CPU
		{56680776-C28E-4840-8F82-262CDED2A778}.Release|Any CPU.Build.0 = Release|Any CPU
		{0DBE6C15-DA4F-40BE-AC26-9ADC0CD865B0}.Debug|Any CPU.ActiveCfg = Debug|Any CPU
		{0DBE6C15-DA4F-40BE-AC26-9ADC0CD865B0}.Debug|Any CPU.Build.0 = Debug|Any CPU
		{0DBE6C15-DA4F-40BE-AC26-9ADC0CD865B0}.Release|Any CPU.ActiveCfg = Release|Any CPU
		{0DBE6C15-DA4F-40BE-AC26-9ADC0CD865B0}.Release|Any CPU.Build.0 = Release|Any CPU
		{BEBE936C-30D9-4B7D-B1FC-0875EFD950B8}.Debug|Any CPU.ActiveCfg = Debug|Any CPU
		{BEBE936C-30D9-4B7D-B1FC-0875EFD950B8}.Debug|Any CPU.Build.0 = Debug|Any CPU
		{BEBE936C-30D9-4B7D-B1FC-0875EFD950B8}.Release|Any CPU.ActiveCfg = Release|Any CPU
		{BEBE936C-30D9-4B7D-B1FC-0875EFD950B8}.Release|Any CPU.Build.0 = Release|Any CPU
		{C005F972-5F1C-4FB9-928A-0684E27DFE50}.Debug|Any CPU.ActiveCfg = Debug|Any CPU
		{C005F972-5F1C-4FB9-928A-0684E27DFE50}.Debug|Any CPU.Build.0 = Debug|Any CPU
		{C005F972-5F1C-4FB9-928A-0684E27DFE50}.Release|Any CPU.ActiveCfg = Release|Any CPU
		{C005F972-5F1C-4FB9-928A-0684E27DFE50}.Release|Any CPU.Build.0 = Release|Any CPU
		{878E71E6-B296-46A5-97D0-659A07B90C1C}.Debug|Any CPU.ActiveCfg = Debug|Any CPU
		{878E71E6-B296-46A5-97D0-659A07B90C1C}.Debug|Any CPU.Build.0 = Debug|Any CPU
		{878E71E6-B296-46A5-97D0-659A07B90C1C}.Release|Any CPU.ActiveCfg = Release|Any CPU
		{878E71E6-B296-46A5-97D0-659A07B90C1C}.Release|Any CPU.Build.0 = Release|Any CPU
		{A860390F-A1A2-4009-B706-7D4A5042FFA9}.Debug|Any CPU.ActiveCfg = Debug|Any CPU
		{A860390F-A1A2-4009-B706-7D4A5042FFA9}.Debug|Any CPU.Build.0 = Debug|Any CPU
		{A860390F-A1A2-4009-B706-7D4A5042FFA9}.Release|Any CPU.ActiveCfg = Release|Any CPU
		{A860390F-A1A2-4009-B706-7D4A5042FFA9}.Release|Any CPU.Build.0 = Release|Any CPU
		{4A9EFB7E-8D8A-4B50-9F9F-CADDFFF5BEC6}.Debug|Any CPU.ActiveCfg = Debug|Any CPU
		{4A9EFB7E-8D8A-4B50-9F9F-CADDFFF5BEC6}.Debug|Any CPU.Build.0 = Debug|Any CPU
		{4A9EFB7E-8D8A-4B50-9F9F-CADDFFF5BEC6}.Release|Any CPU.ActiveCfg = Release|Any CPU
		{4A9EFB7E-8D8A-4B50-9F9F-CADDFFF5BEC6}.Release|Any CPU.Build.0 = Release|Any CPU
		{73E5E269-22D8-40C9-A8A4-E4CCF17B1455}.Debug|Any CPU.ActiveCfg = Debug|Any CPU
		{73E5E269-22D8-40C9-A8A4-E4CCF17B1455}.Debug|Any CPU.Build.0 = Debug|Any CPU
		{73E5E269-22D8-40C9-A8A4-E4CCF17B1455}.Release|Any CPU.ActiveCfg = Release|Any CPU
		{73E5E269-22D8-40C9-A8A4-E4CCF17B1455}.Release|Any CPU.Build.0 = Release|Any CPU
	EndGlobalSection
	GlobalSection(SolutionProperties) = preSolution
		HideSolutionNode = FALSE
	EndGlobalSection
EndGlobal
