
Microsoft Visual Studio Solution File, Format Version 12.00
# Visual Studio 14
VisualStudioVersion = 14.0.25123.0
MinimumVisualStudioVersion = 10.0.40219.1
Project("{FAE04EC0-301F-11D3-BF4B-00C04F79EFBC}") = "HelloName!", "HelloName!\HelloName!.csproj", "{D96112F0-83D0-4102-A2A6-D230F5484630}"
EndProject
Project("{FAE04EC0-301F-11D3-BF4B-00C04F79EFBC}") = "MaxMethod", "MaxMethod\MaxMethod.csproj", "{2EF127AE-B11E-48F4-A0E6-832911CF80EC}"
EndProject
Project("{FAE04EC0-301F-11D3-BF4B-00C04F79EFBC}") = "EnglishNameOfLastDigit", "EnglishNameOfLastDigit\EnglishNameOfLastDigit.csproj", "{1C1629B8-4DD0-4AD4-B73C-475AA5DA858C}"
EndProject
Project("{FAE04EC0-301F-11D3-BF4B-00C04F79EFBC}") = "NumbersInReversedOrder", "NumbersInReversedOrder\NumbersInReversedOrder.csproj", "{76B67D87-C5F5-4FC2-BAEC-784B096BD800}"
EndProject
Project("{FAE04EC0-301F-11D3-BF4B-00C04F79EFBC}") = "FibonacciNumbers", "FibonacciNumbers\FibonacciNumbers.csproj", "{5F42515E-91EE-4CB1-9FE7-B3895D6713C9}"
EndProject
Project("{FAE04EC0-301F-11D3-BF4B-00C04F79EFBC}") = "PrimeChecker", "PrimeChecker\PrimeChecker.csproj", "{DF1942ED-3439-42C1-A8DD-6E35774CB30C}"
EndProject
Project("{FAE04EC0-301F-11D3-BF4B-00C04F79EFBC}") = "PrimesInGivenRange", "PrimesInGivenRange\PrimesInGivenRange.csproj", "{8A44C77E-6B4A-4F59-B06E-064FAC7A990E}"
EndProject
Project("{FAE04EC0-301F-11D3-BF4B-00C04F79EFBC}") = "CenterPoint", "CenterPoint\CenterPoint.csproj", "{BAB9AA37-891A-40DC-B978-2B154D690866}"
EndProject
Project("{FAE04EC0-301F-11D3-BF4B-00C04F79EFBC}") = "LongerLine", "LongerLine\LongerLine.csproj", "{BC47F2D0-97C1-4F21-9DCA-C9344865BCC3}"
EndProject
Project("{FAE04EC0-301F-11D3-BF4B-00C04F79EFBC}") = "CubeProperties", "CubeProperties\CubeProperties.csproj", "{13AA4422-E936-4163-8A80-FB8D327ADBCF}"
EndProject
Project("{FAE04EC0-301F-11D3-BF4B-00C04F79EFBC}") = "GeometryCalculator", "GeometryCalculator\GeometryCalculator.csproj", "{B05B86FA-0CB0-4698-91B6-C688BE5CD3CD}"
EndProject
Project("{FAE04EC0-301F-11D3-BF4B-00C04F79EFBC}") = "MasterNumber", "MasterNumber\MasterNumber.csproj", "{40345E5D-3900-487E-8CC3-EE783A965664}"
EndProject
Project("{FAE04EC0-301F-11D3-BF4B-00C04F79EFBC}") = "Factorial", "Factorial\Factorial.csproj", "{C525A796-E1DC-421C-8463-C7B1A7252999}"
EndProject
Project("{FAE04EC0-301F-11D3-BF4B-00C04F79EFBC}") = "FactorialTrailingZeroes", "FactorialTrailingZeroes\FactorialTrailingZeroes.csproj", "{8E9D60E2-3D5B-4EFA-97B7-C9A33EC95FC2}"
EndProject
Project("{FAE04EC0-301F-11D3-BF4B-00C04F79EFBC}") = "InstructionSet", "InstructionSet\InstructionSet.csproj", "{985F1FCF-EC7E-4255-B020-6568574E0E38}"
EndProject
Project("{FAE04EC0-301F-11D3-BF4B-00C04F79EFBC}") = "BePositive", "BePositive\BePositive.csproj", "{A3BE6643-70A4-4C0F-B60B-6EA355F7D074}"
EndProject
Global
	GlobalSection(SolutionConfigurationPlatforms) = preSolution
		Debug|Any CPU = Debug|Any CPU
		Release|Any CPU = Release|Any CPU
	EndGlobalSection
	GlobalSection(ProjectConfigurationPlatforms) = postSolution
		{D96112F0-83D0-4102-A2A6-D230F5484630}.Debug|Any CPU.ActiveCfg = Debug|Any CPU
		{D96112F0-83D0-4102-A2A6-D230F5484630}.Debug|Any CPU.Build.0 = Debug|Any CPU
		{D96112F0-83D0-4102-A2A6-D230F5484630}.Release|Any CPU.ActiveCfg = Release|Any CPU
		{D96112F0-83D0-4102-A2A6-D230F5484630}.Release|Any CPU.Build.0 = Release|Any CPU
		{2EF127AE-B11E-48F4-A0E6-832911CF80EC}.Debug|Any CPU.ActiveCfg = Debug|Any CPU
		{2EF127AE-B11E-48F4-A0E6-832911CF80EC}.Debug|Any CPU.Build.0 = Debug|Any CPU
		{2EF127AE-B11E-48F4-A0E6-832911CF80EC}.Release|Any CPU.ActiveCfg = Release|Any CPU
		{2EF127AE-B11E-48F4-A0E6-832911CF80EC}.Release|Any CPU.Build.0 = Release|Any CPU
		{1C1629B8-4DD0-4AD4-B73C-475AA5DA858C}.Debug|Any CPU.ActiveCfg = Debug|Any CPU
		{1C1629B8-4DD0-4AD4-B73C-475AA5DA858C}.Debug|Any CPU.Build.0 = Debug|Any CPU
		{1C1629B8-4DD0-4AD4-B73C-475AA5DA858C}.Release|Any CPU.ActiveCfg = Release|Any CPU
		{1C1629B8-4DD0-4AD4-B73C-475AA5DA858C}.Release|Any CPU.Build.0 = Release|Any CPU
		{76B67D87-C5F5-4FC2-BAEC-784B096BD800}.Debug|Any CPU.ActiveCfg = Debug|Any CPU
		{76B67D87-C5F5-4FC2-BAEC-784B096BD800}.Debug|Any CPU.Build.0 = Debug|Any CPU
		{76B67D87-C5F5-4FC2-BAEC-784B096BD800}.Release|Any CPU.ActiveCfg = Release|Any CPU
		{76B67D87-C5F5-4FC2-BAEC-784B096BD800}.Release|Any CPU.Build.0 = Release|Any CPU
		{5F42515E-91EE-4CB1-9FE7-B3895D6713C9}.Debug|Any CPU.ActiveCfg = Debug|Any CPU
		{5F42515E-91EE-4CB1-9FE7-B3895D6713C9}.Debug|Any CPU.Build.0 = Debug|Any CPU
		{5F42515E-91EE-4CB1-9FE7-B3895D6713C9}.Release|Any CPU.ActiveCfg = Release|Any CPU
		{5F42515E-91EE-4CB1-9FE7-B3895D6713C9}.Release|Any CPU.Build.0 = Release|Any CPU
		{DF1942ED-3439-42C1-A8DD-6E35774CB30C}.Debug|Any CPU.ActiveCfg = Debug|Any CPU
		{DF1942ED-3439-42C1-A8DD-6E35774CB30C}.Debug|Any CPU.Build.0 = Debug|Any CPU
		{DF1942ED-3439-42C1-A8DD-6E35774CB30C}.Release|Any CPU.ActiveCfg = Release|Any CPU
		{DF1942ED-3439-42C1-A8DD-6E35774CB30C}.Release|Any CPU.Build.0 = Release|Any CPU
		{8A44C77E-6B4A-4F59-B06E-064FAC7A990E}.Debug|Any CPU.ActiveCfg = Debug|Any CPU
		{8A44C77E-6B4A-4F59-B06E-064FAC7A990E}.Debug|Any CPU.Build.0 = Debug|Any CPU
		{8A44C77E-6B4A-4F59-B06E-064FAC7A990E}.Release|Any CPU.ActiveCfg = Release|Any CPU
		{8A44C77E-6B4A-4F59-B06E-064FAC7A990E}.Release|Any CPU.Build.0 = Release|Any CPU
		{BAB9AA37-891A-40DC-B978-2B154D690866}.Debug|Any CPU.ActiveCfg = Debug|Any CPU
		{BAB9AA37-891A-40DC-B978-2B154D690866}.Debug|Any CPU.Build.0 = Debug|Any CPU
		{BAB9AA37-891A-40DC-B978-2B154D690866}.Release|Any CPU.ActiveCfg = Release|Any CPU
		{BAB9AA37-891A-40DC-B978-2B154D690866}.Release|Any CPU.Build.0 = Release|Any CPU
		{BC47F2D0-97C1-4F21-9DCA-C9344865BCC3}.Debug|Any CPU.ActiveCfg = Debug|Any CPU
		{BC47F2D0-97C1-4F21-9DCA-C9344865BCC3}.Debug|Any CPU.Build.0 = Debug|Any CPU
		{BC47F2D0-97C1-4F21-9DCA-C9344865BCC3}.Release|Any CPU.ActiveCfg = Release|Any CPU
		{BC47F2D0-97C1-4F21-9DCA-C9344865BCC3}.Release|Any CPU.Build.0 = Release|Any CPU
		{13AA4422-E936-4163-8A80-FB8D327ADBCF}.Debug|Any CPU.ActiveCfg = Debug|Any CPU
		{13AA4422-E936-4163-8A80-FB8D327ADBCF}.Debug|Any CPU.Build.0 = Debug|Any CPU
		{13AA4422-E936-4163-8A80-FB8D327ADBCF}.Release|Any CPU.ActiveCfg = Release|Any CPU
		{13AA4422-E936-4163-8A80-FB8D327ADBCF}.Release|Any CPU.Build.0 = Release|Any CPU
		{B05B86FA-0CB0-4698-91B6-C688BE5CD3CD}.Debug|Any CPU.ActiveCfg = Debug|Any CPU
		{B05B86FA-0CB0-4698-91B6-C688BE5CD3CD}.Debug|Any CPU.Build.0 = Debug|Any CPU
		{B05B86FA-0CB0-4698-91B6-C688BE5CD3CD}.Release|Any CPU.ActiveCfg = Release|Any CPU
		{B05B86FA-0CB0-4698-91B6-C688BE5CD3CD}.Release|Any CPU.Build.0 = Release|Any CPU
		{40345E5D-3900-487E-8CC3-EE783A965664}.Debug|Any CPU.ActiveCfg = Debug|Any CPU
		{40345E5D-3900-487E-8CC3-EE783A965664}.Debug|Any CPU.Build.0 = Debug|Any CPU
		{40345E5D-3900-487E-8CC3-EE783A965664}.Release|Any CPU.ActiveCfg = Release|Any CPU
		{40345E5D-3900-487E-8CC3-EE783A965664}.Release|Any CPU.Build.0 = Release|Any CPU
		{C525A796-E1DC-421C-8463-C7B1A7252999}.Debug|Any CPU.ActiveCfg = Debug|Any CPU
		{C525A796-E1DC-421C-8463-C7B1A7252999}.Debug|Any CPU.Build.0 = Debug|Any CPU
		{C525A796-E1DC-421C-8463-C7B1A7252999}.Release|Any CPU.ActiveCfg = Release|Any CPU
		{C525A796-E1DC-421C-8463-C7B1A7252999}.Release|Any CPU.Build.0 = Release|Any CPU
		{8E9D60E2-3D5B-4EFA-97B7-C9A33EC95FC2}.Debug|Any CPU.ActiveCfg = Debug|Any CPU
		{8E9D60E2-3D5B-4EFA-97B7-C9A33EC95FC2}.Debug|Any CPU.Build.0 = Debug|Any CPU
		{8E9D60E2-3D5B-4EFA-97B7-C9A33EC95FC2}.Release|Any CPU.ActiveCfg = Release|Any CPU
		{8E9D60E2-3D5B-4EFA-97B7-C9A33EC95FC2}.Release|Any CPU.Build.0 = Release|Any CPU
		{985F1FCF-EC7E-4255-B020-6568574E0E38}.Debug|Any CPU.ActiveCfg = Debug|Any CPU
		{985F1FCF-EC7E-4255-B020-6568574E0E38}.Debug|Any CPU.Build.0 = Debug|Any CPU
		{985F1FCF-EC7E-4255-B020-6568574E0E38}.Release|Any CPU.ActiveCfg = Release|Any CPU
		{985F1FCF-EC7E-4255-B020-6568574E0E38}.Release|Any CPU.Build.0 = Release|Any CPU
		{A3BE6643-70A4-4C0F-B60B-6EA355F7D074}.Debug|Any CPU.ActiveCfg = Debug|Any CPU
		{A3BE6643-70A4-4C0F-B60B-6EA355F7D074}.Debug|Any CPU.Build.0 = Debug|Any CPU
		{A3BE6643-70A4-4C0F-B60B-6EA355F7D074}.Release|Any CPU.ActiveCfg = Release|Any CPU
		{A3BE6643-70A4-4C0F-B60B-6EA355F7D074}.Release|Any CPU.Build.0 = Release|Any CPU
	EndGlobalSection
	GlobalSection(SolutionProperties) = preSolution
		HideSolutionNode = FALSE
	EndGlobalSection
EndGlobal
